// !$*UTF8*$!
{
	archiveVersion = 1;
	classes = {
	};
	objectVersion = 48;
	objects = {

/* Begin PBXBuildFile section */
		0EB382E6BF11F9E41A144BE2 /* Pods_GiveALiftTests.framework in Frameworks */ = {isa = PBXBuildFile; fileRef = 71D093CF856945FC95025C4C /* Pods_GiveALiftTests.framework */; };
		80D9181D75118219F36FEE8D /* Pods_GiveALiftUITests.framework in Frameworks */ = {isa = PBXBuildFile; fileRef = 6DF0A792F4BDC416ABEFD553 /* Pods_GiveALiftUITests.framework */; };
		9FB068A02A317E607C8DFA3E /* Pods_GiveALift.framework in Frameworks */ = {isa = PBXBuildFile; fileRef = 18D90DC124CD7C8D006F9595 /* Pods_GiveALift.framework */; };
		C10B6D42206A4B790060AF1F /* RegisterCellType.swift in Sources */ = {isa = PBXBuildFile; fileRef = C10B6D41206A4B790060AF1F /* RegisterCellType.swift */; };
		C1233D5E2083CD1900BD0A56 /* APIManager.swift in Sources */ = {isa = PBXBuildFile; fileRef = C1233D5D2083CD1900BD0A56 /* APIManager.swift */; };
		C1233D602083CDFF00BD0A56 /* APIManagerType.swift in Sources */ = {isa = PBXBuildFile; fileRef = C1233D5F2083CDFF00BD0A56 /* APIManagerType.swift */; };
		C1233D622083CE5300BD0A56 /* URLBuilderType.swift in Sources */ = {isa = PBXBuildFile; fileRef = C1233D612083CE5300BD0A56 /* URLBuilderType.swift */; };
		C1233D642083CE7E00BD0A56 /* URLBuilder.swift in Sources */ = {isa = PBXBuildFile; fileRef = C1233D632083CE7E00BD0A56 /* URLBuilder.swift */; };
		C1233D672083E26800BD0A56 /* GALUserResponse.swift in Sources */ = {isa = PBXBuildFile; fileRef = C1233D662083E26800BD0A56 /* GALUserResponse.swift */; };
		C124DA3520A745A100391A71 /* IndirectionsPresenter.swift in Sources */ = {isa = PBXBuildFile; fileRef = C124DA3420A745A100391A71 /* IndirectionsPresenter.swift */; };
		C124DA3820A7468E00391A71 /* IndirectionsViewController.swift in Sources */ = {isa = PBXBuildFile; fileRef = C124DA3620A7468E00391A71 /* IndirectionsViewController.swift */; };
		C124DA3920A7468E00391A71 /* IndirectionsViewController.xib in Resources */ = {isa = PBXBuildFile; fileRef = C124DA3720A7468E00391A71 /* IndirectionsViewController.xib */; };
		C124DA3D20A75E5B00391A71 /* RouteOptionalDescriptionPresenter.swift in Sources */ = {isa = PBXBuildFile; fileRef = C124DA3C20A75E5B00391A71 /* RouteOptionalDescriptionPresenter.swift */; };
		C124DA4120A75EB900391A71 /* RouteOptionalDescriptionViewController.swift in Sources */ = {isa = PBXBuildFile; fileRef = C124DA3F20A75EB900391A71 /* RouteOptionalDescriptionViewController.swift */; };
		C124DA4220A75EB900391A71 /* RouteOptionalDescriptionViewController.xib in Resources */ = {isa = PBXBuildFile; fileRef = C124DA4020A75EB900391A71 /* RouteOptionalDescriptionViewController.xib */; };
		C124DA4420A841D300391A71 /* GALUserLogin.swift in Sources */ = {isa = PBXBuildFile; fileRef = C124DA4320A841D300391A71 /* GALUserLogin.swift */; };
		C124DA4820A872DB00391A71 /* RouteDetailsViewController.swift in Sources */ = {isa = PBXBuildFile; fileRef = C124DA4620A872DB00391A71 /* RouteDetailsViewController.swift */; };
		C124DA4920A872DB00391A71 /* RouteDetailsViewController.xib in Resources */ = {isa = PBXBuildFile; fileRef = C124DA4720A872DB00391A71 /* RouteDetailsViewController.xib */; };
		C124DA4B20A872F900391A71 /* RouteDetailsPresenter.swift in Sources */ = {isa = PBXBuildFile; fileRef = C124DA4A20A872F900391A71 /* RouteDetailsPresenter.swift */; };
		C124DA4E20A8916500391A71 /* SegControllerTableViewCell.swift in Sources */ = {isa = PBXBuildFile; fileRef = C124DA4C20A8916500391A71 /* SegControllerTableViewCell.swift */; };
		C124DA4F20A8916600391A71 /* SegControllerTableViewCell.xib in Resources */ = {isa = PBXBuildFile; fileRef = C124DA4D20A8916500391A71 /* SegControllerTableViewCell.xib */; };
		C124DA5120A8958D00391A71 /* RegisterRequest.swift in Sources */ = {isa = PBXBuildFile; fileRef = C124DA5020A8958D00391A71 /* RegisterRequest.swift */; };
		C124DA5320A8E08F00391A71 /* UIColorE.swift in Sources */ = {isa = PBXBuildFile; fileRef = C124DA5220A8E08F00391A71 /* UIColorE.swift */; };
		C124DA5520A8E5E900391A71 /* GALRoundButton.swift in Sources */ = {isa = PBXBuildFile; fileRef = C124DA5420A8E5E900391A71 /* GALRoundButton.swift */; };
		C124DA5720A8E7C300391A71 /* GALPinkButton.swift in Sources */ = {isa = PBXBuildFile; fileRef = C124DA5620A8E7C300391A71 /* GALPinkButton.swift */; };
		C124DA5920A8E80100391A71 /* GALBlueButton.swift in Sources */ = {isa = PBXBuildFile; fileRef = C124DA5820A8E80100391A71 /* GALBlueButton.swift */; };
		C130E2B320A99C7F00DC221C /* UserInfoConnector.swift in Sources */ = {isa = PBXBuildFile; fileRef = C130E2B220A99C7F00DC221C /* UserInfoConnector.swift */; };
		C130E2B520A99CF700DC221C /* UserInfoPresenter.swift in Sources */ = {isa = PBXBuildFile; fileRef = C130E2B420A99CF700DC221C /* UserInfoPresenter.swift */; };
		C130E2B920A99D8200DC221C /* UserInfoViewController.swift in Sources */ = {isa = PBXBuildFile; fileRef = C130E2B720A99D8200DC221C /* UserInfoViewController.swift */; };
		C130E2BA20A99D8200DC221C /* UserInfoViewController.xib in Resources */ = {isa = PBXBuildFile; fileRef = C130E2B820A99D8200DC221C /* UserInfoViewController.xib */; };
		C130E2BC20A9A0B700DC221C /* OnboardingService.swift in Sources */ = {isa = PBXBuildFile; fileRef = C130E2BB20A9A0B700DC221C /* OnboardingService.swift */; };
		C130E2BE20A9A89500DC221C /* GALUserInfo.swift in Sources */ = {isa = PBXBuildFile; fileRef = C130E2BD20A9A89500DC221C /* GALUserInfo.swift */; };
		C130E2C020A9BC2200DC221C /* GALTextField.swift in Sources */ = {isa = PBXBuildFile; fileRef = C130E2BF20A9BC2200DC221C /* GALTextField.swift */; };
		C130E2C220A9C2D700DC221C /* GALStackView.swift in Sources */ = {isa = PBXBuildFile; fileRef = C130E2C120A9C2D700DC221C /* GALStackView.swift */; };
		C130E2C420AA099100DC221C /* CellRouteData.swift in Sources */ = {isa = PBXBuildFile; fileRef = C130E2C320AA099100DC221C /* CellRouteData.swift */; };
		C130E2C620AA2AB800DC221C /* StringE.swift in Sources */ = {isa = PBXBuildFile; fileRef = C130E2C520AA2AB800DC221C /* StringE.swift */; };
		C130E2C820AAF8E100DC221C /* EditRouteInfoPresenter.swift in Sources */ = {isa = PBXBuildFile; fileRef = C130E2C720AAF8E100DC221C /* EditRouteInfoPresenter.swift */; };
		C130E2CC20AAF9EE00DC221C /* EditRouteInfoViewController.swift in Sources */ = {isa = PBXBuildFile; fileRef = C130E2CA20AAF9EE00DC221C /* EditRouteInfoViewController.swift */; };
		C130E2CD20AAF9EE00DC221C /* EditRouteInfoViewController.xib in Resources */ = {isa = PBXBuildFile; fileRef = C130E2CB20AAF9EE00DC221C /* EditRouteInfoViewController.xib */; };
		C130E2CF20AB331000DC221C /* MainRoutePresenter.swift in Sources */ = {isa = PBXBuildFile; fileRef = C130E2CE20AB331000DC221C /* MainRoutePresenter.swift */; };
		C130E2D320AB335C00DC221C /* MainRouteViewController.swift in Sources */ = {isa = PBXBuildFile; fileRef = C130E2D120AB335C00DC221C /* MainRouteViewController.swift */; };
		C130E2D420AB335C00DC221C /* MainRouteViewController.xib in Resources */ = {isa = PBXBuildFile; fileRef = C130E2D220AB335C00DC221C /* MainRouteViewController.xib */; };
		C1725B2A20A59E8800F64747 /* SearchConnector.swift in Sources */ = {isa = PBXBuildFile; fileRef = C1725B2920A59E8800F64747 /* SearchConnector.swift */; };
		C1725B2C20A5A95F00F64747 /* AddRouteConnector.swift in Sources */ = {isa = PBXBuildFile; fileRef = C1725B2B20A5A95F00F64747 /* AddRouteConnector.swift */; };
		C1725B2E20A5AA8D00F64747 /* AddRoutePresenter.swift in Sources */ = {isa = PBXBuildFile; fileRef = C1725B2D20A5AA8D00F64747 /* AddRoutePresenter.swift */; };
		C1725B3420A5AB0300F64747 /* AddRouteViewController.swift in Sources */ = {isa = PBXBuildFile; fileRef = C1725B3220A5AB0300F64747 /* AddRouteViewController.swift */; };
		C1725B3520A5AB0300F64747 /* AddRouteViewController.xib in Resources */ = {isa = PBXBuildFile; fileRef = C1725B3320A5AB0300F64747 /* AddRouteViewController.xib */; };
		C1725B3720A5BF9F00F64747 /* RouteTimePresenter.swift in Sources */ = {isa = PBXBuildFile; fileRef = C1725B3620A5BF9F00F64747 /* RouteTimePresenter.swift */; };
		C1725B3B20A5BFF300F64747 /* RouteTimeViewController.swift in Sources */ = {isa = PBXBuildFile; fileRef = C1725B3920A5BFF300F64747 /* RouteTimeViewController.swift */; };
		C1725B3C20A5BFF300F64747 /* RouteTimeViewController.xib in Resources */ = {isa = PBXBuildFile; fileRef = C1725B3A20A5BFF300F64747 /* RouteTimeViewController.xib */; };
		C1725B3E20A5C74500F64747 /* BaseConnector.swift in Sources */ = {isa = PBXBuildFile; fileRef = C1725B3D20A5C74500F64747 /* BaseConnector.swift */; };
		C1725B4020A5C79500F64747 /* RootConnector.swift in Sources */ = {isa = PBXBuildFile; fileRef = C1725B3F20A5C79500F64747 /* RootConnector.swift */; };
		C1725B4320A5FAED00F64747 /* RouteInfoPresenter.swift in Sources */ = {isa = PBXBuildFile; fileRef = C1725B4220A5FAED00F64747 /* RouteInfoPresenter.swift */; };
		C1725B4620A5FB6600F64747 /* RouteInfoViewController.swift in Sources */ = {isa = PBXBuildFile; fileRef = C1725B4420A5FB6600F64747 /* RouteInfoViewController.swift */; };
		C1725B4720A5FB6600F64747 /* RouteInfoViewController.xib in Resources */ = {isa = PBXBuildFile; fileRef = C1725B4520A5FB6600F64747 /* RouteInfoViewController.xib */; };
		C1813C18206966780043DAF7 /* LoginViewController.swift in Sources */ = {isa = PBXBuildFile; fileRef = C1813C17206966780043DAF7 /* LoginViewController.swift */; };
		C1813C1A206966A40043DAF7 /* RegisterViewController.swift in Sources */ = {isa = PBXBuildFile; fileRef = C1813C19206966A40043DAF7 /* RegisterViewController.swift */; };
		C1813C1C20696A190043DAF7 /* UITableViewCellE.swift in Sources */ = {isa = PBXBuildFile; fileRef = C1813C1B20696A190043DAF7 /* UITableViewCellE.swift */; };
		C1813C1E20696A390043DAF7 /* UITableViewE.swift in Sources */ = {isa = PBXBuildFile; fileRef = C1813C1D20696A390043DAF7 /* UITableViewE.swift */; };
		C1813C2120696AAE0043DAF7 /* ValidatorTextFiledTVC.swift in Sources */ = {isa = PBXBuildFile; fileRef = C1813C1F20696AAE0043DAF7 /* ValidatorTextFiledTVC.swift */; };
		C1813C2220696AAE0043DAF7 /* ValidatorTextFiledTVC.xib in Resources */ = {isa = PBXBuildFile; fileRef = C1813C2020696AAE0043DAF7 /* ValidatorTextFiledTVC.xib */; };
		C191F0F42065657C008DD972 /* AppDelegate.swift in Sources */ = {isa = PBXBuildFile; fileRef = C191F0F32065657C008DD972 /* AppDelegate.swift */; };
		C191F0F92065657C008DD972 /* Main.storyboard in Resources */ = {isa = PBXBuildFile; fileRef = C191F0F72065657C008DD972 /* Main.storyboard */; };
		C191F0FB2065657C008DD972 /* Assets.xcassets in Resources */ = {isa = PBXBuildFile; fileRef = C191F0FA2065657C008DD972 /* Assets.xcassets */; };
		C191F0FE2065657C008DD972 /* LaunchScreen.storyboard in Resources */ = {isa = PBXBuildFile; fileRef = C191F0FC2065657C008DD972 /* LaunchScreen.storyboard */; };
		C191F1092065657D008DD972 /* GiveALiftTests.swift in Sources */ = {isa = PBXBuildFile; fileRef = C191F1082065657D008DD972 /* GiveALiftTests.swift */; };
		C191F1142065657D008DD972 /* GiveALiftUITests.swift in Sources */ = {isa = PBXBuildFile; fileRef = C191F1132065657D008DD972 /* GiveALiftUITests.swift */; };
		C191F13220656C1E008DD972 /* GiveALift.xcdatamodeld in Sources */ = {isa = PBXBuildFile; fileRef = C191F13020656C1E008DD972 /* GiveALift.xcdatamodeld */; };
		C191F13E20657BB0008DD972 /* PreLoginRegisterViewController.swift in Sources */ = {isa = PBXBuildFile; fileRef = C191F13D20657BB0008DD972 /* PreLoginRegisterViewController.swift */; };
		C191F14020657E00008DD972 /* Onboarding.storyboard in Resources */ = {isa = PBXBuildFile; fileRef = C191F13F20657E00008DD972 /* Onboarding.storyboard */; };
		C191F14320657F13008DD972 /* FlowCoordinator.swift in Sources */ = {isa = PBXBuildFile; fileRef = C191F14220657F13008DD972 /* FlowCoordinator.swift */; };
		C191F1452065806E008DD972 /* Constants.swift in Sources */ = {isa = PBXBuildFile; fileRef = C191F1442065806E008DD972 /* Constants.swift */; };
		C1BEA470206A45F600EE0B4B /* Validator.swift in Sources */ = {isa = PBXBuildFile; fileRef = C1BEA46F206A45F600EE0B4B /* Validator.swift */; };
		C1CFBD702085F48900253375 /* GALRegisterResponse.swift in Sources */ = {isa = PBXBuildFile; fileRef = C1CFBD6F2085F48900253375 /* GALRegisterResponse.swift */; };
		C1CFBD7720864B1B00253375 /* LocalStorage.swift in Sources */ = {isa = PBXBuildFile; fileRef = C1CFBD7620864B1B00253375 /* LocalStorage.swift */; };
		C1CFBD7920864BF000253375 /* LocalStorageManager.swift in Sources */ = {isa = PBXBuildFile; fileRef = C1CFBD7820864BF000253375 /* LocalStorageManager.swift */; };
		C1CFBD7B20864D3600253375 /* User.swift in Sources */ = {isa = PBXBuildFile; fileRef = C1CFBD7A20864D3600253375 /* User.swift */; };
		C1CFBD812086528B00253375 /* BaseViewController.swift in Sources */ = {isa = PBXBuildFile; fileRef = C1CFBD802086528B00253375 /* BaseViewController.swift */; };
		C1CFBD83208655E800253375 /* HomePresenter.swift in Sources */ = {isa = PBXBuildFile; fileRef = C1CFBD82208655E800253375 /* HomePresenter.swift */; };
		C1CFBD8820865D6200253375 /* HomeViewController.swift in Sources */ = {isa = PBXBuildFile; fileRef = C1CFBD8620865D6200253375 /* HomeViewController.swift */; };
		C1CFBD8920865D6200253375 /* HomeViewController.xib in Resources */ = {isa = PBXBuildFile; fileRef = C1CFBD8720865D6200253375 /* HomeViewController.xib */; };
		C1CFBD8B20866EC100253375 /* Cities.json in Resources */ = {isa = PBXBuildFile; fileRef = C1CFBD8A20866EC100253375 /* Cities.json */; };
		C1CFBD8D2086728E00253375 /* SugestiveTextField.swift in Sources */ = {isa = PBXBuildFile; fileRef = C1CFBD8C2086728E00253375 /* SugestiveTextField.swift */; };
		C1CFBD952086826100253375 /* SearchViewController.swift in Sources */ = {isa = PBXBuildFile; fileRef = C1CFBD932086826100253375 /* SearchViewController.swift */; };
		C1CFBD962086826100253375 /* SearchViewController.xib in Resources */ = {isa = PBXBuildFile; fileRef = C1CFBD942086826100253375 /* SearchViewController.xib */; };
		C1CFBD982086828000253375 /* SearchPresenter.swift in Sources */ = {isa = PBXBuildFile; fileRef = C1CFBD972086828000253375 /* SearchPresenter.swift */; };
		C1CFBD9A2086A78700253375 /* Route.swift in Sources */ = {isa = PBXBuildFile; fileRef = C1CFBD992086A78700253375 /* Route.swift */; };
		C1CFBD9E2086AC4A00253375 /* RoutesViewController.swift in Sources */ = {isa = PBXBuildFile; fileRef = C1CFBD9C2086AC4A00253375 /* RoutesViewController.swift */; };
		C1CFBD9F2086AC4A00253375 /* RoutesViewController.xib in Resources */ = {isa = PBXBuildFile; fileRef = C1CFBD9D2086AC4A00253375 /* RoutesViewController.xib */; };
		C1CFBDA12086AC6500253375 /* RoutesPresenter.swift in Sources */ = {isa = PBXBuildFile; fileRef = C1CFBDA02086AC6500253375 /* RoutesPresenter.swift */; };
		C1CFBDA620874BD700253375 /* RouteTableViewCell.swift in Sources */ = {isa = PBXBuildFile; fileRef = C1CFBDA420874BD700253375 /* RouteTableViewCell.swift */; };
		C1CFBDA720874BD700253375 /* RouteTableViewCell.xib in Resources */ = {isa = PBXBuildFile; fileRef = C1CFBDA520874BD700253375 /* RouteTableViewCell.xib */; };
		C1D910DA2080AC5300AD0AC4 /* BasePresenter.swift in Sources */ = {isa = PBXBuildFile; fileRef = C1D910D92080AC5300AD0AC4 /* BasePresenter.swift */; };
		C1D910E02080B2D600AD0AC4 /* RequestBuilder.swift in Sources */ = {isa = PBXBuildFile; fileRef = C1D910DF2080B2D600AD0AC4 /* RequestBuilder.swift */; };
		C1D910E32080B2F800AD0AC4 /* RequestBuilderType.swift in Sources */ = {isa = PBXBuildFile; fileRef = C1D910E22080B2F800AD0AC4 /* RequestBuilderType.swift */; };
		C1D910E52080B33F00AD0AC4 /* Result.swift in Sources */ = {isa = PBXBuildFile; fileRef = C1D910E42080B33F00AD0AC4 /* Result.swift */; };
		C1E1663D2065825100BC36BE /* UIViewControllerE.swift in Sources */ = {isa = PBXBuildFile; fileRef = C1E1663C2065825100BC36BE /* UIViewControllerE.swift */; };
/* End PBXBuildFile section */

/* Begin PBXContainerItemProxy section */
		C191F1052065657D008DD972 /* PBXContainerItemProxy */ = {
			isa = PBXContainerItemProxy;
			containerPortal = C191F0E82065657C008DD972 /* Project object */;
			proxyType = 1;
			remoteGlobalIDString = C191F0EF2065657C008DD972;
			remoteInfo = GiveALift;
		};
		C191F1102065657D008DD972 /* PBXContainerItemProxy */ = {
			isa = PBXContainerItemProxy;
			containerPortal = C191F0E82065657C008DD972 /* Project object */;
			proxyType = 1;
			remoteGlobalIDString = C191F0EF2065657C008DD972;
			remoteInfo = GiveALift;
		};
/* End PBXContainerItemProxy section */

/* Begin PBXFileReference section */
		176A5CEAED74EDADD39BF77B /* Pods-GiveALift.release.xcconfig */ = {isa = PBXFileReference; includeInIndex = 1; lastKnownFileType = text.xcconfig; name = "Pods-GiveALift.release.xcconfig"; path = "Pods/Target Support Files/Pods-GiveALift/Pods-GiveALift.release.xcconfig"; sourceTree = "<group>"; };
		18D90DC124CD7C8D006F9595 /* Pods_GiveALift.framework */ = {isa = PBXFileReference; explicitFileType = wrapper.framework; includeInIndex = 0; path = Pods_GiveALift.framework; sourceTree = BUILT_PRODUCTS_DIR; };
		1DA479509D89FB3096302940 /* Pods-GiveALift.debug.xcconfig */ = {isa = PBXFileReference; includeInIndex = 1; lastKnownFileType = text.xcconfig; name = "Pods-GiveALift.debug.xcconfig"; path = "Pods/Target Support Files/Pods-GiveALift/Pods-GiveALift.debug.xcconfig"; sourceTree = "<group>"; };
		27F5494A49F372FB4E7F8725 /* Pods-GiveALiftTests.release.xcconfig */ = {isa = PBXFileReference; includeInIndex = 1; lastKnownFileType = text.xcconfig; name = "Pods-GiveALiftTests.release.xcconfig"; path = "Pods/Target Support Files/Pods-GiveALiftTests/Pods-GiveALiftTests.release.xcconfig"; sourceTree = "<group>"; };
		2F67E3B2D5199B2AAA8CEB85 /* Pods-GiveALiftUITests.debug.xcconfig */ = {isa = PBXFileReference; includeInIndex = 1; lastKnownFileType = text.xcconfig; name = "Pods-GiveALiftUITests.debug.xcconfig"; path = "Pods/Target Support Files/Pods-GiveALiftUITests/Pods-GiveALiftUITests.debug.xcconfig"; sourceTree = "<group>"; };
		65BBBB89852B38447A1A872E /* Pods-GiveALiftUITests.release.xcconfig */ = {isa = PBXFileReference; includeInIndex = 1; lastKnownFileType = text.xcconfig; name = "Pods-GiveALiftUITests.release.xcconfig"; path = "Pods/Target Support Files/Pods-GiveALiftUITests/Pods-GiveALiftUITests.release.xcconfig"; sourceTree = "<group>"; };
		6DF0A792F4BDC416ABEFD553 /* Pods_GiveALiftUITests.framework */ = {isa = PBXFileReference; explicitFileType = wrapper.framework; includeInIndex = 0; path = Pods_GiveALiftUITests.framework; sourceTree = BUILT_PRODUCTS_DIR; };
		71D093CF856945FC95025C4C /* Pods_GiveALiftTests.framework */ = {isa = PBXFileReference; explicitFileType = wrapper.framework; includeInIndex = 0; path = Pods_GiveALiftTests.framework; sourceTree = BUILT_PRODUCTS_DIR; };
		BDBC3632C1D9B87A64F0B9CB /* Pods-GiveALiftTests.debug.xcconfig */ = {isa = PBXFileReference; includeInIndex = 1; lastKnownFileType = text.xcconfig; name = "Pods-GiveALiftTests.debug.xcconfig"; path = "Pods/Target Support Files/Pods-GiveALiftTests/Pods-GiveALiftTests.debug.xcconfig"; sourceTree = "<group>"; };
		C10B6D41206A4B790060AF1F /* RegisterCellType.swift */ = {isa = PBXFileReference; lastKnownFileType = sourcecode.swift; path = RegisterCellType.swift; sourceTree = "<group>"; };
		C1233D5D2083CD1900BD0A56 /* APIManager.swift */ = {isa = PBXFileReference; lastKnownFileType = sourcecode.swift; path = APIManager.swift; sourceTree = "<group>"; };
		C1233D5F2083CDFF00BD0A56 /* APIManagerType.swift */ = {isa = PBXFileReference; lastKnownFileType = sourcecode.swift; path = APIManagerType.swift; sourceTree = "<group>"; };
		C1233D612083CE5300BD0A56 /* URLBuilderType.swift */ = {isa = PBXFileReference; lastKnownFileType = sourcecode.swift; path = URLBuilderType.swift; sourceTree = "<group>"; };
		C1233D632083CE7E00BD0A56 /* URLBuilder.swift */ = {isa = PBXFileReference; lastKnownFileType = sourcecode.swift; path = URLBuilder.swift; sourceTree = "<group>"; };
		C1233D662083E26800BD0A56 /* GALUserResponse.swift */ = {isa = PBXFileReference; lastKnownFileType = sourcecode.swift; path = GALUserResponse.swift; sourceTree = "<group>"; };
		C124DA3420A745A100391A71 /* IndirectionsPresenter.swift */ = {isa = PBXFileReference; lastKnownFileType = sourcecode.swift; path = IndirectionsPresenter.swift; sourceTree = "<group>"; };
		C124DA3620A7468E00391A71 /* IndirectionsViewController.swift */ = {isa = PBXFileReference; lastKnownFileType = sourcecode.swift; path = IndirectionsViewController.swift; sourceTree = "<group>"; };
		C124DA3720A7468E00391A71 /* IndirectionsViewController.xib */ = {isa = PBXFileReference; lastKnownFileType = file.xib; path = IndirectionsViewController.xib; sourceTree = "<group>"; };
		C124DA3C20A75E5B00391A71 /* RouteOptionalDescriptionPresenter.swift */ = {isa = PBXFileReference; lastKnownFileType = sourcecode.swift; path = RouteOptionalDescriptionPresenter.swift; sourceTree = "<group>"; };
		C124DA3F20A75EB900391A71 /* RouteOptionalDescriptionViewController.swift */ = {isa = PBXFileReference; lastKnownFileType = sourcecode.swift; path = RouteOptionalDescriptionViewController.swift; sourceTree = "<group>"; };
		C124DA4020A75EB900391A71 /* RouteOptionalDescriptionViewController.xib */ = {isa = PBXFileReference; lastKnownFileType = file.xib; path = RouteOptionalDescriptionViewController.xib; sourceTree = "<group>"; };
		C124DA4320A841D300391A71 /* GALUserLogin.swift */ = {isa = PBXFileReference; lastKnownFileType = sourcecode.swift; path = GALUserLogin.swift; sourceTree = "<group>"; };
		C124DA4620A872DB00391A71 /* RouteDetailsViewController.swift */ = {isa = PBXFileReference; lastKnownFileType = sourcecode.swift; path = RouteDetailsViewController.swift; sourceTree = "<group>"; };
		C124DA4720A872DB00391A71 /* RouteDetailsViewController.xib */ = {isa = PBXFileReference; lastKnownFileType = file.xib; path = RouteDetailsViewController.xib; sourceTree = "<group>"; };
		C124DA4A20A872F900391A71 /* RouteDetailsPresenter.swift */ = {isa = PBXFileReference; lastKnownFileType = sourcecode.swift; path = RouteDetailsPresenter.swift; sourceTree = "<group>"; };
		C124DA4C20A8916500391A71 /* SegControllerTableViewCell.swift */ = {isa = PBXFileReference; lastKnownFileType = sourcecode.swift; path = SegControllerTableViewCell.swift; sourceTree = "<group>"; };
		C124DA4D20A8916500391A71 /* SegControllerTableViewCell.xib */ = {isa = PBXFileReference; lastKnownFileType = file.xib; path = SegControllerTableViewCell.xib; sourceTree = "<group>"; };
		C124DA5020A8958D00391A71 /* RegisterRequest.swift */ = {isa = PBXFileReference; lastKnownFileType = sourcecode.swift; path = RegisterRequest.swift; sourceTree = "<group>"; };
		C124DA5220A8E08F00391A71 /* UIColorE.swift */ = {isa = PBXFileReference; lastKnownFileType = sourcecode.swift; path = UIColorE.swift; sourceTree = "<group>"; };
		C124DA5420A8E5E900391A71 /* GALRoundButton.swift */ = {isa = PBXFileReference; lastKnownFileType = sourcecode.swift; path = GALRoundButton.swift; sourceTree = "<group>"; };
		C124DA5620A8E7C300391A71 /* GALPinkButton.swift */ = {isa = PBXFileReference; lastKnownFileType = sourcecode.swift; path = GALPinkButton.swift; sourceTree = "<group>"; };
		C124DA5820A8E80100391A71 /* GALBlueButton.swift */ = {isa = PBXFileReference; lastKnownFileType = sourcecode.swift; path = GALBlueButton.swift; sourceTree = "<group>"; };
		C130E2B220A99C7F00DC221C /* UserInfoConnector.swift */ = {isa = PBXFileReference; lastKnownFileType = sourcecode.swift; path = UserInfoConnector.swift; sourceTree = "<group>"; };
		C130E2B420A99CF700DC221C /* UserInfoPresenter.swift */ = {isa = PBXFileReference; lastKnownFileType = sourcecode.swift; path = UserInfoPresenter.swift; sourceTree = "<group>"; };
		C130E2B720A99D8200DC221C /* UserInfoViewController.swift */ = {isa = PBXFileReference; lastKnownFileType = sourcecode.swift; path = UserInfoViewController.swift; sourceTree = "<group>"; };
		C130E2B820A99D8200DC221C /* UserInfoViewController.xib */ = {isa = PBXFileReference; lastKnownFileType = file.xib; path = UserInfoViewController.xib; sourceTree = "<group>"; };
		C130E2BB20A9A0B700DC221C /* OnboardingService.swift */ = {isa = PBXFileReference; lastKnownFileType = sourcecode.swift; path = OnboardingService.swift; sourceTree = "<group>"; };
		C130E2BD20A9A89500DC221C /* GALUserInfo.swift */ = {isa = PBXFileReference; lastKnownFileType = sourcecode.swift; path = GALUserInfo.swift; sourceTree = "<group>"; };
		C130E2BF20A9BC2200DC221C /* GALTextField.swift */ = {isa = PBXFileReference; lastKnownFileType = sourcecode.swift; path = GALTextField.swift; sourceTree = "<group>"; };
		C130E2C120A9C2D700DC221C /* GALStackView.swift */ = {isa = PBXFileReference; lastKnownFileType = sourcecode.swift; path = GALStackView.swift; sourceTree = "<group>"; };
		C130E2C320AA099100DC221C /* CellRouteData.swift */ = {isa = PBXFileReference; lastKnownFileType = sourcecode.swift; path = CellRouteData.swift; sourceTree = "<group>"; };
		C130E2C520AA2AB800DC221C /* StringE.swift */ = {isa = PBXFileReference; lastKnownFileType = sourcecode.swift; path = StringE.swift; sourceTree = "<group>"; };
		C130E2C720AAF8E100DC221C /* EditRouteInfoPresenter.swift */ = {isa = PBXFileReference; lastKnownFileType = sourcecode.swift; path = EditRouteInfoPresenter.swift; sourceTree = "<group>"; };
		C130E2CA20AAF9EE00DC221C /* EditRouteInfoViewController.swift */ = {isa = PBXFileReference; lastKnownFileType = sourcecode.swift; path = EditRouteInfoViewController.swift; sourceTree = "<group>"; };
		C130E2CB20AAF9EE00DC221C /* EditRouteInfoViewController.xib */ = {isa = PBXFileReference; lastKnownFileType = file.xib; path = EditRouteInfoViewController.xib; sourceTree = "<group>"; };
		C130E2CE20AB331000DC221C /* MainRoutePresenter.swift */ = {isa = PBXFileReference; lastKnownFileType = sourcecode.swift; path = MainRoutePresenter.swift; sourceTree = "<group>"; };
		C130E2D120AB335C00DC221C /* MainRouteViewController.swift */ = {isa = PBXFileReference; lastKnownFileType = sourcecode.swift; path = MainRouteViewController.swift; sourceTree = "<group>"; };
		C130E2D220AB335C00DC221C /* MainRouteViewController.xib */ = {isa = PBXFileReference; lastKnownFileType = file.xib; path = MainRouteViewController.xib; sourceTree = "<group>"; };
		C1725B2920A59E8800F64747 /* SearchConnector.swift */ = {isa = PBXFileReference; lastKnownFileType = sourcecode.swift; path = SearchConnector.swift; sourceTree = "<group>"; };
		C1725B2B20A5A95F00F64747 /* AddRouteConnector.swift */ = {isa = PBXFileReference; lastKnownFileType = sourcecode.swift; path = AddRouteConnector.swift; sourceTree = "<group>"; };
		C1725B2D20A5AA8D00F64747 /* AddRoutePresenter.swift */ = {isa = PBXFileReference; lastKnownFileType = sourcecode.swift; path = AddRoutePresenter.swift; sourceTree = "<group>"; };
		C1725B3220A5AB0300F64747 /* AddRouteViewController.swift */ = {isa = PBXFileReference; lastKnownFileType = sourcecode.swift; path = AddRouteViewController.swift; sourceTree = "<group>"; };
		C1725B3320A5AB0300F64747 /* AddRouteViewController.xib */ = {isa = PBXFileReference; lastKnownFileType = file.xib; path = AddRouteViewController.xib; sourceTree = "<group>"; };
		C1725B3620A5BF9F00F64747 /* RouteTimePresenter.swift */ = {isa = PBXFileReference; lastKnownFileType = sourcecode.swift; path = RouteTimePresenter.swift; sourceTree = "<group>"; };
		C1725B3920A5BFF300F64747 /* RouteTimeViewController.swift */ = {isa = PBXFileReference; lastKnownFileType = sourcecode.swift; path = RouteTimeViewController.swift; sourceTree = "<group>"; };
		C1725B3A20A5BFF300F64747 /* RouteTimeViewController.xib */ = {isa = PBXFileReference; lastKnownFileType = file.xib; path = RouteTimeViewController.xib; sourceTree = "<group>"; };
		C1725B3D20A5C74500F64747 /* BaseConnector.swift */ = {isa = PBXFileReference; lastKnownFileType = sourcecode.swift; path = BaseConnector.swift; sourceTree = "<group>"; };
		C1725B3F20A5C79500F64747 /* RootConnector.swift */ = {isa = PBXFileReference; lastKnownFileType = sourcecode.swift; path = RootConnector.swift; sourceTree = "<group>"; };
		C1725B4220A5FAED00F64747 /* RouteInfoPresenter.swift */ = {isa = PBXFileReference; lastKnownFileType = sourcecode.swift; path = RouteInfoPresenter.swift; sourceTree = "<group>"; };
		C1725B4420A5FB6600F64747 /* RouteInfoViewController.swift */ = {isa = PBXFileReference; lastKnownFileType = sourcecode.swift; path = RouteInfoViewController.swift; sourceTree = "<group>"; };
		C1725B4520A5FB6600F64747 /* RouteInfoViewController.xib */ = {isa = PBXFileReference; lastKnownFileType = file.xib; path = RouteInfoViewController.xib; sourceTree = "<group>"; };
		C1813C17206966780043DAF7 /* LoginViewController.swift */ = {isa = PBXFileReference; lastKnownFileType = sourcecode.swift; path = LoginViewController.swift; sourceTree = "<group>"; };
		C1813C19206966A40043DAF7 /* RegisterViewController.swift */ = {isa = PBXFileReference; lastKnownFileType = sourcecode.swift; path = RegisterViewController.swift; sourceTree = "<group>"; };
		C1813C1B20696A190043DAF7 /* UITableViewCellE.swift */ = {isa = PBXFileReference; lastKnownFileType = sourcecode.swift; path = UITableViewCellE.swift; sourceTree = "<group>"; };
		C1813C1D20696A390043DAF7 /* UITableViewE.swift */ = {isa = PBXFileReference; lastKnownFileType = sourcecode.swift; path = UITableViewE.swift; sourceTree = "<group>"; };
		C1813C1F20696AAE0043DAF7 /* ValidatorTextFiledTVC.swift */ = {isa = PBXFileReference; lastKnownFileType = sourcecode.swift; path = ValidatorTextFiledTVC.swift; sourceTree = "<group>"; };
		C1813C2020696AAE0043DAF7 /* ValidatorTextFiledTVC.xib */ = {isa = PBXFileReference; lastKnownFileType = file.xib; path = ValidatorTextFiledTVC.xib; sourceTree = "<group>"; };
		C191F0F02065657C008DD972 /* GiveALift.app */ = {isa = PBXFileReference; explicitFileType = wrapper.application; includeInIndex = 0; path = GiveALift.app; sourceTree = BUILT_PRODUCTS_DIR; };
		C191F0F32065657C008DD972 /* AppDelegate.swift */ = {isa = PBXFileReference; lastKnownFileType = sourcecode.swift; path = AppDelegate.swift; sourceTree = "<group>"; };
		C191F0F82065657C008DD972 /* Base */ = {isa = PBXFileReference; lastKnownFileType = file.storyboard; name = Base; path = Base.lproj/Main.storyboard; sourceTree = "<group>"; };
		C191F0FA2065657C008DD972 /* Assets.xcassets */ = {isa = PBXFileReference; lastKnownFileType = folder.assetcatalog; path = Assets.xcassets; sourceTree = "<group>"; };
		C191F0FD2065657C008DD972 /* Base */ = {isa = PBXFileReference; lastKnownFileType = file.storyboard; name = Base; path = Base.lproj/LaunchScreen.storyboard; sourceTree = "<group>"; };
		C191F0FF2065657C008DD972 /* Info.plist */ = {isa = PBXFileReference; lastKnownFileType = text.plist.xml; path = Info.plist; sourceTree = "<group>"; };
		C191F1042065657D008DD972 /* GiveALiftTests.xctest */ = {isa = PBXFileReference; explicitFileType = wrapper.cfbundle; includeInIndex = 0; path = GiveALiftTests.xctest; sourceTree = BUILT_PRODUCTS_DIR; };
		C191F1082065657D008DD972 /* GiveALiftTests.swift */ = {isa = PBXFileReference; lastKnownFileType = sourcecode.swift; path = GiveALiftTests.swift; sourceTree = "<group>"; };
		C191F10A2065657D008DD972 /* Info.plist */ = {isa = PBXFileReference; lastKnownFileType = text.plist.xml; path = Info.plist; sourceTree = "<group>"; };
		C191F10F2065657D008DD972 /* GiveALiftUITests.xctest */ = {isa = PBXFileReference; explicitFileType = wrapper.cfbundle; includeInIndex = 0; path = GiveALiftUITests.xctest; sourceTree = BUILT_PRODUCTS_DIR; };
		C191F1132065657D008DD972 /* GiveALiftUITests.swift */ = {isa = PBXFileReference; lastKnownFileType = sourcecode.swift; path = GiveALiftUITests.swift; sourceTree = "<group>"; };
		C191F1152065657D008DD972 /* Info.plist */ = {isa = PBXFileReference; lastKnownFileType = text.plist.xml; path = Info.plist; sourceTree = "<group>"; };
		C191F13120656C1E008DD972 /* GiveALift.xcdatamodel */ = {isa = PBXFileReference; lastKnownFileType = wrapper.xcdatamodel; path = GiveALift.xcdatamodel; sourceTree = "<group>"; };
		C191F13D20657BB0008DD972 /* PreLoginRegisterViewController.swift */ = {isa = PBXFileReference; lastKnownFileType = sourcecode.swift; path = PreLoginRegisterViewController.swift; sourceTree = "<group>"; };
		C191F13F20657E00008DD972 /* Onboarding.storyboard */ = {isa = PBXFileReference; lastKnownFileType = file.storyboard; path = Onboarding.storyboard; sourceTree = "<group>"; };
		C191F14220657F13008DD972 /* FlowCoordinator.swift */ = {isa = PBXFileReference; lastKnownFileType = sourcecode.swift; path = FlowCoordinator.swift; sourceTree = "<group>"; };
		C191F1442065806E008DD972 /* Constants.swift */ = {isa = PBXFileReference; lastKnownFileType = sourcecode.swift; path = Constants.swift; sourceTree = "<group>"; };
		C1BEA46F206A45F600EE0B4B /* Validator.swift */ = {isa = PBXFileReference; fileEncoding = 4; lastKnownFileType = sourcecode.swift; name = Validator.swift; path = Validator/Validator.swift; sourceTree = "<group>"; };
		C1CFBD6F2085F48900253375 /* GALRegisterResponse.swift */ = {isa = PBXFileReference; lastKnownFileType = sourcecode.swift; path = GALRegisterResponse.swift; sourceTree = "<group>"; };
		C1CFBD7620864B1B00253375 /* LocalStorage.swift */ = {isa = PBXFileReference; lastKnownFileType = sourcecode.swift; path = LocalStorage.swift; sourceTree = "<group>"; };
		C1CFBD7820864BF000253375 /* LocalStorageManager.swift */ = {isa = PBXFileReference; lastKnownFileType = sourcecode.swift; path = LocalStorageManager.swift; sourceTree = "<group>"; };
		C1CFBD7A20864D3600253375 /* User.swift */ = {isa = PBXFileReference; lastKnownFileType = sourcecode.swift; path = User.swift; sourceTree = "<group>"; };
		C1CFBD802086528B00253375 /* BaseViewController.swift */ = {isa = PBXFileReference; lastKnownFileType = sourcecode.swift; path = BaseViewController.swift; sourceTree = "<group>"; };
		C1CFBD82208655E800253375 /* HomePresenter.swift */ = {isa = PBXFileReference; lastKnownFileType = sourcecode.swift; path = HomePresenter.swift; sourceTree = "<group>"; };
		C1CFBD8620865D6200253375 /* HomeViewController.swift */ = {isa = PBXFileReference; lastKnownFileType = sourcecode.swift; path = HomeViewController.swift; sourceTree = "<group>"; };
		C1CFBD8720865D6200253375 /* HomeViewController.xib */ = {isa = PBXFileReference; lastKnownFileType = file.xib; path = HomeViewController.xib; sourceTree = "<group>"; };
		C1CFBD8A20866EC100253375 /* Cities.json */ = {isa = PBXFileReference; fileEncoding = 4; lastKnownFileType = text.json; path = Cities.json; sourceTree = "<group>"; };
		C1CFBD8C2086728E00253375 /* SugestiveTextField.swift */ = {isa = PBXFileReference; lastKnownFileType = sourcecode.swift; path = SugestiveTextField.swift; sourceTree = "<group>"; };
		C1CFBD932086826100253375 /* SearchViewController.swift */ = {isa = PBXFileReference; lastKnownFileType = sourcecode.swift; name = SearchViewController.swift; path = GiveALift/ViewControllers/Main/Search/SearchViewController.swift; sourceTree = SOURCE_ROOT; };
		C1CFBD942086826100253375 /* SearchViewController.xib */ = {isa = PBXFileReference; lastKnownFileType = file.xib; name = SearchViewController.xib; path = GiveALift/ViewControllers/Main/Search/SearchViewController.xib; sourceTree = SOURCE_ROOT; };
		C1CFBD972086828000253375 /* SearchPresenter.swift */ = {isa = PBXFileReference; lastKnownFileType = sourcecode.swift; path = SearchPresenter.swift; sourceTree = "<group>"; };
		C1CFBD992086A78700253375 /* Route.swift */ = {isa = PBXFileReference; lastKnownFileType = sourcecode.swift; path = Route.swift; sourceTree = "<group>"; };
		C1CFBD9C2086AC4A00253375 /* RoutesViewController.swift */ = {isa = PBXFileReference; lastKnownFileType = sourcecode.swift; path = RoutesViewController.swift; sourceTree = "<group>"; };
		C1CFBD9D2086AC4A00253375 /* RoutesViewController.xib */ = {isa = PBXFileReference; lastKnownFileType = file.xib; path = RoutesViewController.xib; sourceTree = "<group>"; };
		C1CFBDA02086AC6500253375 /* RoutesPresenter.swift */ = {isa = PBXFileReference; lastKnownFileType = sourcecode.swift; path = RoutesPresenter.swift; sourceTree = "<group>"; };
		C1CFBDA420874BD700253375 /* RouteTableViewCell.swift */ = {isa = PBXFileReference; lastKnownFileType = sourcecode.swift; path = RouteTableViewCell.swift; sourceTree = "<group>"; };
		C1CFBDA520874BD700253375 /* RouteTableViewCell.xib */ = {isa = PBXFileReference; lastKnownFileType = file.xib; path = RouteTableViewCell.xib; sourceTree = "<group>"; };
		C1D910D92080AC5300AD0AC4 /* BasePresenter.swift */ = {isa = PBXFileReference; lastKnownFileType = sourcecode.swift; path = BasePresenter.swift; sourceTree = "<group>"; };
		C1D910DF2080B2D600AD0AC4 /* RequestBuilder.swift */ = {isa = PBXFileReference; lastKnownFileType = sourcecode.swift; path = RequestBuilder.swift; sourceTree = "<group>"; };
		C1D910E22080B2F800AD0AC4 /* RequestBuilderType.swift */ = {isa = PBXFileReference; lastKnownFileType = sourcecode.swift; path = RequestBuilderType.swift; sourceTree = "<group>"; };
		C1D910E42080B33F00AD0AC4 /* Result.swift */ = {isa = PBXFileReference; lastKnownFileType = sourcecode.swift; path = Result.swift; sourceTree = "<group>"; };
		C1E1663C2065825100BC36BE /* UIViewControllerE.swift */ = {isa = PBXFileReference; lastKnownFileType = sourcecode.swift; path = UIViewControllerE.swift; sourceTree = "<group>"; };
/* End PBXFileReference section */

/* Begin PBXFrameworksBuildPhase section */
		C191F0ED2065657C008DD972 /* Frameworks */ = {
			isa = PBXFrameworksBuildPhase;
			buildActionMask = 2147483647;
			files = (
				9FB068A02A317E607C8DFA3E /* Pods_GiveALift.framework in Frameworks */,
			);
			runOnlyForDeploymentPostprocessing = 0;
		};
		C191F1012065657D008DD972 /* Frameworks */ = {
			isa = PBXFrameworksBuildPhase;
			buildActionMask = 2147483647;
			files = (
				0EB382E6BF11F9E41A144BE2 /* Pods_GiveALiftTests.framework in Frameworks */,
			);
			runOnlyForDeploymentPostprocessing = 0;
		};
		C191F10C2065657D008DD972 /* Frameworks */ = {
			isa = PBXFrameworksBuildPhase;
			buildActionMask = 2147483647;
			files = (
				80D9181D75118219F36FEE8D /* Pods_GiveALiftUITests.framework in Frameworks */,
			);
			runOnlyForDeploymentPostprocessing = 0;
		};
/* End PBXFrameworksBuildPhase section */

/* Begin PBXGroup section */
		88868CE0230A24F75B6697A7 /* Pods */ = {
			isa = PBXGroup;
			children = (
				1DA479509D89FB3096302940 /* Pods-GiveALift.debug.xcconfig */,
				176A5CEAED74EDADD39BF77B /* Pods-GiveALift.release.xcconfig */,
				BDBC3632C1D9B87A64F0B9CB /* Pods-GiveALiftTests.debug.xcconfig */,
				27F5494A49F372FB4E7F8725 /* Pods-GiveALiftTests.release.xcconfig */,
				2F67E3B2D5199B2AAA8CEB85 /* Pods-GiveALiftUITests.debug.xcconfig */,
				65BBBB89852B38447A1A872E /* Pods-GiveALiftUITests.release.xcconfig */,
			);
			name = Pods;
			sourceTree = "<group>";
		};
		C1233D652083E03800BD0A56 /* APIModels */ = {
			isa = PBXGroup;
			children = (
				C1233D662083E26800BD0A56 /* GALUserResponse.swift */,
				C1CFBD6F2085F48900253375 /* GALRegisterResponse.swift */,
				C1CFBD992086A78700253375 /* Route.swift */,
				C124DA4320A841D300391A71 /* GALUserLogin.swift */,
				C124DA5020A8958D00391A71 /* RegisterRequest.swift */,
				C130E2BD20A9A89500DC221C /* GALUserInfo.swift */,
			);
			path = APIModels;
			sourceTree = "<group>";
		};
		C124DA3020A7415B00391A71 /* AddRoute */ = {
			isa = PBXGroup;
			children = (
			);
			path = AddRoute;
			sourceTree = "<group>";
		};
		C124DA3320A7457300391A71 /* Indirections */ = {
			isa = PBXGroup;
			children = (
				C124DA3620A7468E00391A71 /* IndirectionsViewController.swift */,
				C124DA3720A7468E00391A71 /* IndirectionsViewController.xib */,
			);
			path = Indirections;
			sourceTree = "<group>";
		};
		C124DA3E20A75E9C00391A71 /* OptionalDescription */ = {
			isa = PBXGroup;
			children = (
				C124DA3F20A75EB900391A71 /* RouteOptionalDescriptionViewController.swift */,
				C124DA4020A75EB900391A71 /* RouteOptionalDescriptionViewController.xib */,
			);
			path = OptionalDescription;
			sourceTree = "<group>";
		};
		C124DA4520A8729B00391A71 /* RouteDetails */ = {
			isa = PBXGroup;
			children = (
				C124DA4620A872DB00391A71 /* RouteDetailsViewController.swift */,
				C124DA4720A872DB00391A71 /* RouteDetailsViewController.xib */,
			);
			path = RouteDetails;
			sourceTree = "<group>";
		};
		C1255E98209CE40700502750 /* Connectors */ = {
			isa = PBXGroup;
			children = (
				C1725B2920A59E8800F64747 /* SearchConnector.swift */,
				C1725B2B20A5A95F00F64747 /* AddRouteConnector.swift */,
				C1725B3D20A5C74500F64747 /* BaseConnector.swift */,
				C1725B3F20A5C79500F64747 /* RootConnector.swift */,
				C130E2B220A99C7F00DC221C /* UserInfoConnector.swift */,
			);
			path = Connectors;
			sourceTree = "<group>";
		};
		C130E2B620A99D6A00DC221C /* UserInfo */ = {
			isa = PBXGroup;
			children = (
				C130E2B720A99D8200DC221C /* UserInfoViewController.swift */,
				C130E2B820A99D8200DC221C /* UserInfoViewController.xib */,
			);
			path = UserInfo;
			sourceTree = "<group>";
		};
		C130E2C920AAF97700DC221C /* EditRouteInfo */ = {
			isa = PBXGroup;
			children = (
				C130E2CA20AAF9EE00DC221C /* EditRouteInfoViewController.swift */,
				C130E2CB20AAF9EE00DC221C /* EditRouteInfoViewController.xib */,
			);
			path = EditRouteInfo;
			sourceTree = "<group>";
		};
		C130E2D020AB334800DC221C /* MainRoute */ = {
			isa = PBXGroup;
			children = (
				C130E2D120AB335C00DC221C /* MainRouteViewController.swift */,
				C130E2D220AB335C00DC221C /* MainRouteViewController.xib */,
			);
			path = MainRoute;
			sourceTree = "<group>";
		};
		C1725B2F20A5AAD700F64747 /* AddRoute */ = {
			isa = PBXGroup;
			children = (
				C130E2D020AB334800DC221C /* MainRoute */,
				C124DA3E20A75E9C00391A71 /* OptionalDescription */,
				C124DA3320A7457300391A71 /* Indirections */,
				C1725B4120A5FACF00F64747 /* RouteInfo */,
				C1725B3820A5BFDF00F64747 /* RouteTime */,
				C1725B3220A5AB0300F64747 /* AddRouteViewController.swift */,
				C1725B3320A5AB0300F64747 /* AddRouteViewController.xib */,
			);
			path = AddRoute;
			sourceTree = "<group>";
		};
		C1725B3820A5BFDF00F64747 /* RouteTime */ = {
			isa = PBXGroup;
			children = (
				C1725B3920A5BFF300F64747 /* RouteTimeViewController.swift */,
				C1725B3A20A5BFF300F64747 /* RouteTimeViewController.xib */,
			);
			path = RouteTime;
			sourceTree = "<group>";
		};
		C1725B4120A5FACF00F64747 /* RouteInfo */ = {
			isa = PBXGroup;
			children = (
				C1725B4420A5FB6600F64747 /* RouteInfoViewController.swift */,
				C1725B4520A5FB6600F64747 /* RouteInfoViewController.xib */,
			);
			path = RouteInfo;
			sourceTree = "<group>";
		};
		C1813C15206964CF0043DAF7 /* Main */ = {
			isa = PBXGroup;
			children = (
				C130E2C920AAF97700DC221C /* EditRouteInfo */,
				C130E2B620A99D6A00DC221C /* UserInfo */,
				C124DA4520A8729B00391A71 /* RouteDetails */,
				C1725B2F20A5AAD700F64747 /* AddRoute */,
				C1CFBD9B2086AC3100253375 /* Routes */,
				C1CFBD922086824500253375 /* Search */,
				C1CFBD7C208651C700253375 /* Home */,
			);
			path = Main;
			sourceTree = "<group>";
		};
		C1813C16206964E00043DAF7 /* Onboarding */ = {
			isa = PBXGroup;
			children = (
				C191F13D20657BB0008DD972 /* PreLoginRegisterViewController.swift */,
				C1813C17206966780043DAF7 /* LoginViewController.swift */,
				C1813C19206966A40043DAF7 /* RegisterViewController.swift */,
				C1813C1F20696AAE0043DAF7 /* ValidatorTextFiledTVC.swift */,
				C1813C2020696AAE0043DAF7 /* ValidatorTextFiledTVC.xib */,
				C10B6D41206A4B790060AF1F /* RegisterCellType.swift */,
				C124DA4C20A8916500391A71 /* SegControllerTableViewCell.swift */,
				C124DA4D20A8916500391A71 /* SegControllerTableViewCell.xib */,
			);
			path = Onboarding;
			sourceTree = "<group>";
		};
		C191F0E72065657C008DD972 = {
			isa = PBXGroup;
			children = (
				C191F0F22065657C008DD972 /* GiveALift */,
				C191F1072065657D008DD972 /* GiveALiftTests */,
				C191F1122065657D008DD972 /* GiveALiftUITests */,
				C191F0F12065657C008DD972 /* Products */,
				88868CE0230A24F75B6697A7 /* Pods */,
				EBC925BB72AE1DB503D47550 /* Frameworks */,
			);
			sourceTree = "<group>";
		};
		C191F0F12065657C008DD972 /* Products */ = {
			isa = PBXGroup;
			children = (
				C191F0F02065657C008DD972 /* GiveALift.app */,
				C191F1042065657D008DD972 /* GiveALiftTests.xctest */,
				C191F10F2065657D008DD972 /* GiveALiftUITests.xctest */,
			);
			name = Products;
			sourceTree = "<group>";
		};
		C191F0F22065657C008DD972 /* GiveALift */ = {
			isa = PBXGroup;
			children = (
				C1255E98209CE40700502750 /* Connectors */,
				C1D910D82080AC3C00AD0AC4 /* Presentation */,
				C191F14120657E6D008DD972 /* Coordinators */,
				C191F12920656906008DD972 /* SupportingFiles */,
				C191F128206568FB008DD972 /* Resources */,
				C191F127206568EF008DD972 /* Storyboards */,
				C191F126206568E5008DD972 /* ViewControllers */,
				C191F125206568D1008DD972 /* Extensions */,
				C191F124206568C9008DD972 /* Utilities */,
				C191F123206568C2008DD972 /* Models */,
				C191F122206568BA008DD972 /* Services */,
				C191F12120656866008DD972 /* Views */,
			);
			path = GiveALift;
			sourceTree = "<group>";
		};
		C191F1072065657D008DD972 /* GiveALiftTests */ = {
			isa = PBXGroup;
			children = (
				C191F1082065657D008DD972 /* GiveALiftTests.swift */,
				C191F10A2065657D008DD972 /* Info.plist */,
			);
			path = GiveALiftTests;
			sourceTree = "<group>";
		};
		C191F1122065657D008DD972 /* GiveALiftUITests */ = {
			isa = PBXGroup;
			children = (
				C191F1132065657D008DD972 /* GiveALiftUITests.swift */,
				C191F1152065657D008DD972 /* Info.plist */,
			);
			path = GiveALiftUITests;
			sourceTree = "<group>";
		};
		C191F12120656866008DD972 /* Views */ = {
			isa = PBXGroup;
			children = (
				C1CFBD8C2086728E00253375 /* SugestiveTextField.swift */,
				C124DA5420A8E5E900391A71 /* GALRoundButton.swift */,
				C124DA5620A8E7C300391A71 /* GALPinkButton.swift */,
				C124DA5820A8E80100391A71 /* GALBlueButton.swift */,
				C130E2BF20A9BC2200DC221C /* GALTextField.swift */,
				C130E2C120A9C2D700DC221C /* GALStackView.swift */,
			);
			path = Views;
			sourceTree = "<group>";
		};
		C191F122206568BA008DD972 /* Services */ = {
			isa = PBXGroup;
			children = (
				C1BEA46F206A45F600EE0B4B /* Validator.swift */,
				C130E2BB20A9A0B700DC221C /* OnboardingService.swift */,
			);
			path = Services;
			sourceTree = "<group>";
		};
		C191F123206568C2008DD972 /* Models */ = {
			isa = PBXGroup;
			children = (
				C124DA3020A7415B00391A71 /* AddRoute */,
				C1CFBD8E2086796800253375 /* Local */,
				C1233D652083E03800BD0A56 /* APIModels */,
			);
			path = Models;
			sourceTree = "<group>";
		};
		C191F124206568C9008DD972 /* Utilities */ = {
			isa = PBXGroup;
			children = (
				C1CFBD7520864B0600253375 /* Storage */,
				C1D910DE2080B22900AD0AC4 /* Networking */,
			);
			path = Utilities;
			sourceTree = "<group>";
		};
		C191F125206568D1008DD972 /* Extensions */ = {
			isa = PBXGroup;
			children = (
				C1E1663C2065825100BC36BE /* UIViewControllerE.swift */,
				C1813C1B20696A190043DAF7 /* UITableViewCellE.swift */,
				C1813C1D20696A390043DAF7 /* UITableViewE.swift */,
				C124DA5220A8E08F00391A71 /* UIColorE.swift */,
				C130E2C520AA2AB800DC221C /* StringE.swift */,
			);
			path = Extensions;
			sourceTree = "<group>";
		};
		C191F126206568E5008DD972 /* ViewControllers */ = {
			isa = PBXGroup;
			children = (
				C1CFBD7F2086526900253375 /* Base */,
				C1813C16206964E00043DAF7 /* Onboarding */,
				C1813C15206964CF0043DAF7 /* Main */,
			);
			path = ViewControllers;
			sourceTree = "<group>";
		};
		C191F127206568EF008DD972 /* Storyboards */ = {
			isa = PBXGroup;
			children = (
				C191F0F72065657C008DD972 /* Main.storyboard */,
				C191F13F20657E00008DD972 /* Onboarding.storyboard */,
				C191F0FC2065657C008DD972 /* LaunchScreen.storyboard */,
			);
			path = Storyboards;
			sourceTree = "<group>";
		};
		C191F128206568FB008DD972 /* Resources */ = {
			isa = PBXGroup;
			children = (
				C1CFBD8A20866EC100253375 /* Cities.json */,
				C191F0FA2065657C008DD972 /* Assets.xcassets */,
			);
			path = Resources;
			sourceTree = "<group>";
		};
		C191F12920656906008DD972 /* SupportingFiles */ = {
			isa = PBXGroup;
			children = (
				C191F0F32065657C008DD972 /* AppDelegate.swift */,
				C191F0FF2065657C008DD972 /* Info.plist */,
				C191F13020656C1E008DD972 /* GiveALift.xcdatamodeld */,
				C191F1442065806E008DD972 /* Constants.swift */,
			);
			path = SupportingFiles;
			sourceTree = "<group>";
		};
		C191F14120657E6D008DD972 /* Coordinators */ = {
			isa = PBXGroup;
			children = (
				C191F14220657F13008DD972 /* FlowCoordinator.swift */,
			);
			path = Coordinators;
			sourceTree = "<group>";
		};
		C1CFBD7520864B0600253375 /* Storage */ = {
			isa = PBXGroup;
			children = (
				C1CFBD7620864B1B00253375 /* LocalStorage.swift */,
				C1CFBD7820864BF000253375 /* LocalStorageManager.swift */,
				C1CFBD7A20864D3600253375 /* User.swift */,
			);
			path = Storage;
			sourceTree = "<group>";
		};
		C1CFBD7C208651C700253375 /* Home */ = {
			isa = PBXGroup;
			children = (
				C1CFBD8620865D6200253375 /* HomeViewController.swift */,
				C1CFBD8720865D6200253375 /* HomeViewController.xib */,
			);
			path = Home;
			sourceTree = "<group>";
		};
		C1CFBD7F2086526900253375 /* Base */ = {
			isa = PBXGroup;
			children = (
				C1CFBD802086528B00253375 /* BaseViewController.swift */,
			);
			path = Base;
			sourceTree = "<group>";
		};
		C1CFBD8E2086796800253375 /* Local */ = {
			isa = PBXGroup;
			children = (
				C130E2C320AA099100DC221C /* CellRouteData.swift */,
			);
			path = Local;
			sourceTree = "<group>";
		};
		C1CFBD922086824500253375 /* Search */ = {
			isa = PBXGroup;
			children = (
				C1CFBD932086826100253375 /* SearchViewController.swift */,
				C1CFBD942086826100253375 /* SearchViewController.xib */,
			);
			name = Search;
			path = "New Group";
			sourceTree = "<group>";
		};
		C1CFBD9B2086AC3100253375 /* Routes */ = {
			isa = PBXGroup;
			children = (
				C1CFBD9C2086AC4A00253375 /* RoutesViewController.swift */,
				C1CFBD9D2086AC4A00253375 /* RoutesViewController.xib */,
				C1CFBDA420874BD700253375 /* RouteTableViewCell.swift */,
				C1CFBDA520874BD700253375 /* RouteTableViewCell.xib */,
			);
			path = Routes;
			sourceTree = "<group>";
		};
		C1D910D82080AC3C00AD0AC4 /* Presentation */ = {
			isa = PBXGroup;
			children = (
				C1D910D92080AC5300AD0AC4 /* BasePresenter.swift */,
				C1CFBD82208655E800253375 /* HomePresenter.swift */,
				C1CFBD972086828000253375 /* SearchPresenter.swift */,
				C1CFBDA02086AC6500253375 /* RoutesPresenter.swift */,
				C1725B2D20A5AA8D00F64747 /* AddRoutePresenter.swift */,
				C1725B3620A5BF9F00F64747 /* RouteTimePresenter.swift */,
				C1725B4220A5FAED00F64747 /* RouteInfoPresenter.swift */,
				C124DA3420A745A100391A71 /* IndirectionsPresenter.swift */,
				C124DA3C20A75E5B00391A71 /* RouteOptionalDescriptionPresenter.swift */,
				C124DA4A20A872F900391A71 /* RouteDetailsPresenter.swift */,
				C130E2B420A99CF700DC221C /* UserInfoPresenter.swift */,
				C130E2C720AAF8E100DC221C /* EditRouteInfoPresenter.swift */,
				C130E2CE20AB331000DC221C /* MainRoutePresenter.swift */,
			);
			path = Presentation;
			sourceTree = "<group>";
		};
		C1D910DE2080B22900AD0AC4 /* Networking */ = {
			isa = PBXGroup;
			children = (
				C1D910E12080B2E600AD0AC4 /* Protocols */,
				C1D910DF2080B2D600AD0AC4 /* RequestBuilder.swift */,
				C1D910E42080B33F00AD0AC4 /* Result.swift */,
				C1233D5D2083CD1900BD0A56 /* APIManager.swift */,
				C1233D632083CE7E00BD0A56 /* URLBuilder.swift */,
			);
			path = Networking;
			sourceTree = "<group>";
		};
		C1D910E12080B2E600AD0AC4 /* Protocols */ = {
			isa = PBXGroup;
			children = (
				C1D910E22080B2F800AD0AC4 /* RequestBuilderType.swift */,
				C1233D5F2083CDFF00BD0A56 /* APIManagerType.swift */,
				C1233D612083CE5300BD0A56 /* URLBuilderType.swift */,
			);
			path = Protocols;
			sourceTree = "<group>";
		};
		EBC925BB72AE1DB503D47550 /* Frameworks */ = {
			isa = PBXGroup;
			children = (
				18D90DC124CD7C8D006F9595 /* Pods_GiveALift.framework */,
				71D093CF856945FC95025C4C /* Pods_GiveALiftTests.framework */,
				6DF0A792F4BDC416ABEFD553 /* Pods_GiveALiftUITests.framework */,
			);
			name = Frameworks;
			sourceTree = "<group>";
		};
/* End PBXGroup section */

/* Begin PBXNativeTarget section */
		C191F0EF2065657C008DD972 /* GiveALift */ = {
			isa = PBXNativeTarget;
			buildConfigurationList = C191F1182065657D008DD972 /* Build configuration list for PBXNativeTarget "GiveALift" */;
			buildPhases = (
				CF399E41FC5A90D887CE1FA3 /* [CP] Check Pods Manifest.lock */,
				C191F0EC2065657C008DD972 /* Sources */,
				C191F0ED2065657C008DD972 /* Frameworks */,
				C191F0EE2065657C008DD972 /* Resources */,
				B502CB4AA2133D0425DC2309 /* [CP] Embed Pods Frameworks */,
			);
			buildRules = (
			);
			dependencies = (
			);
			name = GiveALift;
			productName = GiveALift;
			productReference = C191F0F02065657C008DD972 /* GiveALift.app */;
			productType = "com.apple.product-type.application";
		};
		C191F1032065657D008DD972 /* GiveALiftTests */ = {
			isa = PBXNativeTarget;
			buildConfigurationList = C191F11B2065657D008DD972 /* Build configuration list for PBXNativeTarget "GiveALiftTests" */;
			buildPhases = (
				4E723ADC3A03D5E156E06FC6 /* [CP] Check Pods Manifest.lock */,
				C191F1002065657D008DD972 /* Sources */,
				C191F1012065657D008DD972 /* Frameworks */,
				C191F1022065657D008DD972 /* Resources */,
			);
			buildRules = (
			);
			dependencies = (
				C191F1062065657D008DD972 /* PBXTargetDependency */,
			);
			name = GiveALiftTests;
			productName = GiveALiftTests;
			productReference = C191F1042065657D008DD972 /* GiveALiftTests.xctest */;
			productType = "com.apple.product-type.bundle.unit-test";
		};
		C191F10E2065657D008DD972 /* GiveALiftUITests */ = {
			isa = PBXNativeTarget;
			buildConfigurationList = C191F11E2065657D008DD972 /* Build configuration list for PBXNativeTarget "GiveALiftUITests" */;
			buildPhases = (
				F3C711371BA6DFE6A8827C57 /* [CP] Check Pods Manifest.lock */,
				C191F10B2065657D008DD972 /* Sources */,
				C191F10C2065657D008DD972 /* Frameworks */,
				C191F10D2065657D008DD972 /* Resources */,
			);
			buildRules = (
			);
			dependencies = (
				C191F1112065657D008DD972 /* PBXTargetDependency */,
			);
			name = GiveALiftUITests;
			productName = GiveALiftUITests;
			productReference = C191F10F2065657D008DD972 /* GiveALiftUITests.xctest */;
			productType = "com.apple.product-type.bundle.ui-testing";
		};
/* End PBXNativeTarget section */

/* Begin PBXProject section */
		C191F0E82065657C008DD972 /* Project object */ = {
			isa = PBXProject;
			attributes = {
				LastSwiftUpdateCheck = 0920;
				LastUpgradeCheck = 0930;
				ORGANIZATIONNAME = "Marcin Włoczko";
				TargetAttributes = {
					C191F0EF2065657C008DD972 = {
						CreatedOnToolsVersion = 9.2;
						ProvisioningStyle = Automatic;
					};
					C191F1032065657D008DD972 = {
						CreatedOnToolsVersion = 9.2;
						ProvisioningStyle = Automatic;
						TestTargetID = C191F0EF2065657C008DD972;
					};
					C191F10E2065657D008DD972 = {
						CreatedOnToolsVersion = 9.2;
						ProvisioningStyle = Automatic;
						TestTargetID = C191F0EF2065657C008DD972;
					};
				};
			};
			buildConfigurationList = C191F0EB2065657C008DD972 /* Build configuration list for PBXProject "GiveALift" */;
			compatibilityVersion = "Xcode 8.0";
			developmentRegion = en;
			hasScannedForEncodings = 0;
			knownRegions = (
				en,
				Base,
			);
			mainGroup = C191F0E72065657C008DD972;
			productRefGroup = C191F0F12065657C008DD972 /* Products */;
			projectDirPath = "";
			projectRoot = "";
			targets = (
				C191F0EF2065657C008DD972 /* GiveALift */,
				C191F1032065657D008DD972 /* GiveALiftTests */,
				C191F10E2065657D008DD972 /* GiveALiftUITests */,
			);
		};
/* End PBXProject section */

/* Begin PBXResourcesBuildPhase section */
		C191F0EE2065657C008DD972 /* Resources */ = {
			isa = PBXResourcesBuildPhase;
			buildActionMask = 2147483647;
			files = (
				C191F0FE2065657C008DD972 /* LaunchScreen.storyboard in Resources */,
				C1CFBD8B20866EC100253375 /* Cities.json in Resources */,
				C191F0FB2065657C008DD972 /* Assets.xcassets in Resources */,
				C130E2D420AB335C00DC221C /* MainRouteViewController.xib in Resources */,
				C130E2BA20A99D8200DC221C /* UserInfoViewController.xib in Resources */,
				C124DA4920A872DB00391A71 /* RouteDetailsViewController.xib in Resources */,
				C191F0F92065657C008DD972 /* Main.storyboard in Resources */,
				C130E2CD20AAF9EE00DC221C /* EditRouteInfoViewController.xib in Resources */,
				C191F14020657E00008DD972 /* Onboarding.storyboard in Resources */,
				C1725B3C20A5BFF300F64747 /* RouteTimeViewController.xib in Resources */,
				C124DA4F20A8916600391A71 /* SegControllerTableViewCell.xib in Resources */,
				C1725B4720A5FB6600F64747 /* RouteInfoViewController.xib in Resources */,
				C1CFBD9F2086AC4A00253375 /* RoutesViewController.xib in Resources */,
				C1813C2220696AAE0043DAF7 /* ValidatorTextFiledTVC.xib in Resources */,
				C1725B3520A5AB0300F64747 /* AddRouteViewController.xib in Resources */,
				C1CFBD962086826100253375 /* SearchViewController.xib in Resources */,
				C124DA3920A7468E00391A71 /* IndirectionsViewController.xib in Resources */,
				C1CFBD8920865D6200253375 /* HomeViewController.xib in Resources */,
				C124DA4220A75EB900391A71 /* RouteOptionalDescriptionViewController.xib in Resources */,
				C1CFBDA720874BD700253375 /* RouteTableViewCell.xib in Resources */,
			);
			runOnlyForDeploymentPostprocessing = 0;
		};
		C191F1022065657D008DD972 /* Resources */ = {
			isa = PBXResourcesBuildPhase;
			buildActionMask = 2147483647;
			files = (
			);
			runOnlyForDeploymentPostprocessing = 0;
		};
		C191F10D2065657D008DD972 /* Resources */ = {
			isa = PBXResourcesBuildPhase;
			buildActionMask = 2147483647;
			files = (
			);
			runOnlyForDeploymentPostprocessing = 0;
		};
/* End PBXResourcesBuildPhase section */

/* Begin PBXShellScriptBuildPhase section */
		4E723ADC3A03D5E156E06FC6 /* [CP] Check Pods Manifest.lock */ = {
			isa = PBXShellScriptBuildPhase;
			buildActionMask = 2147483647;
			files = (
			);
			inputPaths = (
				"${PODS_PODFILE_DIR_PATH}/Podfile.lock",
				"${PODS_ROOT}/Manifest.lock",
			);
			name = "[CP] Check Pods Manifest.lock";
			outputPaths = (
				"$(DERIVED_FILE_DIR)/Pods-GiveALiftTests-checkManifestLockResult.txt",
			);
			runOnlyForDeploymentPostprocessing = 0;
			shellPath = /bin/sh;
			shellScript = "diff \"${PODS_PODFILE_DIR_PATH}/Podfile.lock\" \"${PODS_ROOT}/Manifest.lock\" > /dev/null\nif [ $? != 0 ] ; then\n    # print error to STDERR\n    echo \"error: The sandbox is not in sync with the Podfile.lock. Run 'pod install' or update your CocoaPods installation.\" >&2\n    exit 1\nfi\n# This output is used by Xcode 'outputs' to avoid re-running this script phase.\necho \"SUCCESS\" > \"${SCRIPT_OUTPUT_FILE_0}\"\n";
			showEnvVarsInLog = 0;
		};
		B502CB4AA2133D0425DC2309 /* [CP] Embed Pods Frameworks */ = {
			isa = PBXShellScriptBuildPhase;
			buildActionMask = 2147483647;
			files = (
			);
			inputPaths = (
				"${SRCROOT}/Pods/Target Support Files/Pods-GiveALift/Pods-GiveALift-frameworks.sh",
				"${BUILT_PRODUCTS_DIR}/SearchTextField/SearchTextField.framework",
			);
			name = "[CP] Embed Pods Frameworks";
			outputPaths = (
				"${TARGET_BUILD_DIR}/${FRAMEWORKS_FOLDER_PATH}/SearchTextField.framework",
			);
			runOnlyForDeploymentPostprocessing = 0;
			shellPath = /bin/sh;
			shellScript = "\"${SRCROOT}/Pods/Target Support Files/Pods-GiveALift/Pods-GiveALift-frameworks.sh\"\n";
			showEnvVarsInLog = 0;
		};
		CF399E41FC5A90D887CE1FA3 /* [CP] Check Pods Manifest.lock */ = {
			isa = PBXShellScriptBuildPhase;
			buildActionMask = 2147483647;
			files = (
			);
			inputPaths = (
				"${PODS_PODFILE_DIR_PATH}/Podfile.lock",
				"${PODS_ROOT}/Manifest.lock",
			);
			name = "[CP] Check Pods Manifest.lock";
			outputPaths = (
				"$(DERIVED_FILE_DIR)/Pods-GiveALift-checkManifestLockResult.txt",
			);
			runOnlyForDeploymentPostprocessing = 0;
			shellPath = /bin/sh;
			shellScript = "diff \"${PODS_PODFILE_DIR_PATH}/Podfile.lock\" \"${PODS_ROOT}/Manifest.lock\" > /dev/null\nif [ $? != 0 ] ; then\n    # print error to STDERR\n    echo \"error: The sandbox is not in sync with the Podfile.lock. Run 'pod install' or update your CocoaPods installation.\" >&2\n    exit 1\nfi\n# This output is used by Xcode 'outputs' to avoid re-running this script phase.\necho \"SUCCESS\" > \"${SCRIPT_OUTPUT_FILE_0}\"\n";
			showEnvVarsInLog = 0;
		};
		F3C711371BA6DFE6A8827C57 /* [CP] Check Pods Manifest.lock */ = {
			isa = PBXShellScriptBuildPhase;
			buildActionMask = 2147483647;
			files = (
			);
			inputPaths = (
				"${PODS_PODFILE_DIR_PATH}/Podfile.lock",
				"${PODS_ROOT}/Manifest.lock",
			);
			name = "[CP] Check Pods Manifest.lock";
			outputPaths = (
				"$(DERIVED_FILE_DIR)/Pods-GiveALiftUITests-checkManifestLockResult.txt",
			);
			runOnlyForDeploymentPostprocessing = 0;
			shellPath = /bin/sh;
			shellScript = "diff \"${PODS_PODFILE_DIR_PATH}/Podfile.lock\" \"${PODS_ROOT}/Manifest.lock\" > /dev/null\nif [ $? != 0 ] ; then\n    # print error to STDERR\n    echo \"error: The sandbox is not in sync with the Podfile.lock. Run 'pod install' or update your CocoaPods installation.\" >&2\n    exit 1\nfi\n# This output is used by Xcode 'outputs' to avoid re-running this script phase.\necho \"SUCCESS\" > \"${SCRIPT_OUTPUT_FILE_0}\"\n";
			showEnvVarsInLog = 0;
		};
/* End PBXShellScriptBuildPhase section */

/* Begin PBXSourcesBuildPhase section */
		C191F0EC2065657C008DD972 /* Sources */ = {
			isa = PBXSourcesBuildPhase;
			buildActionMask = 2147483647;
			files = (
				C1CFBD7720864B1B00253375 /* LocalStorage.swift in Sources */,
				C124DA3520A745A100391A71 /* IndirectionsPresenter.swift in Sources */,
				C124DA3D20A75E5B00391A71 /* RouteOptionalDescriptionPresenter.swift in Sources */,
				C1233D622083CE5300BD0A56 /* URLBuilderType.swift in Sources */,
				C124DA5120A8958D00391A71 /* RegisterRequest.swift in Sources */,
				C1813C1A206966A40043DAF7 /* RegisterViewController.swift in Sources */,
				C124DA5920A8E80100391A71 /* GALBlueButton.swift in Sources */,
				C1CFBD83208655E800253375 /* HomePresenter.swift in Sources */,
				C1725B3E20A5C74500F64747 /* BaseConnector.swift in Sources */,
				C1D910E52080B33F00AD0AC4 /* Result.swift in Sources */,
				C124DA5520A8E5E900391A71 /* GALRoundButton.swift in Sources */,
				C1725B3720A5BF9F00F64747 /* RouteTimePresenter.swift in Sources */,
				C130E2C420AA099100DC221C /* CellRouteData.swift in Sources */,
				C1CFBD8820865D6200253375 /* HomeViewController.swift in Sources */,
				C124DA4B20A872F900391A71 /* RouteDetailsPresenter.swift in Sources */,
				C124DA4E20A8916500391A71 /* SegControllerTableViewCell.swift in Sources */,
				C130E2BE20A9A89500DC221C /* GALUserInfo.swift in Sources */,
				C1CFBDA12086AC6500253375 /* RoutesPresenter.swift in Sources */,
				C1CFBD812086528B00253375 /* BaseViewController.swift in Sources */,
				C1725B2E20A5AA8D00F64747 /* AddRoutePresenter.swift in Sources */,
				C1D910DA2080AC5300AD0AC4 /* BasePresenter.swift in Sources */,
				C124DA4120A75EB900391A71 /* RouteOptionalDescriptionViewController.swift in Sources */,
				C1725B3B20A5BFF300F64747 /* RouteTimeViewController.swift in Sources */,
				C130E2C220A9C2D700DC221C /* GALStackView.swift in Sources */,
				C124DA5720A8E7C300391A71 /* GALPinkButton.swift in Sources */,
				C1CFBDA620874BD700253375 /* RouteTableViewCell.swift in Sources */,
				C1813C1C20696A190043DAF7 /* UITableViewCellE.swift in Sources */,
				C1233D642083CE7E00BD0A56 /* URLBuilder.swift in Sources */,
				C1CFBD9E2086AC4A00253375 /* RoutesViewController.swift in Sources */,
				C130E2CF20AB331000DC221C /* MainRoutePresenter.swift in Sources */,
				C1CFBD7B20864D3600253375 /* User.swift in Sources */,
				C1E1663D2065825100BC36BE /* UIViewControllerE.swift in Sources */,
				C1CFBD952086826100253375 /* SearchViewController.swift in Sources */,
				C130E2C620AA2AB800DC221C /* StringE.swift in Sources */,
				C124DA3820A7468E00391A71 /* IndirectionsViewController.swift in Sources */,
				C1BEA470206A45F600EE0B4B /* Validator.swift in Sources */,
				C1725B2A20A59E8800F64747 /* SearchConnector.swift in Sources */,
				C130E2CC20AAF9EE00DC221C /* EditRouteInfoViewController.swift in Sources */,
				C1CFBD982086828000253375 /* SearchPresenter.swift in Sources */,
				C130E2B920A99D8200DC221C /* UserInfoViewController.swift in Sources */,
				C191F13220656C1E008DD972 /* GiveALift.xcdatamodeld in Sources */,
				C1233D602083CDFF00BD0A56 /* APIManagerType.swift in Sources */,
				C124DA4820A872DB00391A71 /* RouteDetailsViewController.swift in Sources */,
				C130E2D320AB335C00DC221C /* MainRouteViewController.swift in Sources */,
				C130E2C820AAF8E100DC221C /* EditRouteInfoPresenter.swift in Sources */,
				C1725B4320A5FAED00F64747 /* RouteInfoPresenter.swift in Sources */,
				C10B6D42206A4B790060AF1F /* RegisterCellType.swift in Sources */,
				C191F14320657F13008DD972 /* FlowCoordinator.swift in Sources */,
				C130E2C020A9BC2200DC221C /* GALTextField.swift in Sources */,
				C1725B3420A5AB0300F64747 /* AddRouteViewController.swift in Sources */,
				C124DA4420A841D300391A71 /* GALUserLogin.swift in Sources */,
				C1813C18206966780043DAF7 /* LoginViewController.swift in Sources */,
				C130E2B320A99C7F00DC221C /* UserInfoConnector.swift in Sources */,
				C1233D5E2083CD1900BD0A56 /* APIManager.swift in Sources */,
				C130E2B520A99CF700DC221C /* UserInfoPresenter.swift in Sources */,
				C1813C1E20696A390043DAF7 /* UITableViewE.swift in Sources */,
				C1813C2120696AAE0043DAF7 /* ValidatorTextFiledTVC.swift in Sources */,
				C1725B4020A5C79500F64747 /* RootConnector.swift in Sources */,
				C1725B4620A5FB6600F64747 /* RouteInfoViewController.swift in Sources */,
				C1233D672083E26800BD0A56 /* GALUserResponse.swift in Sources */,
				C1725B2C20A5A95F00F64747 /* AddRouteConnector.swift in Sources */,
				C191F13E20657BB0008DD972 /* PreLoginRegisterViewController.swift in Sources */,
				C191F0F42065657C008DD972 /* AppDelegate.swift in Sources */,
				C1D910E32080B2F800AD0AC4 /* RequestBuilderType.swift in Sources */,
				C1CFBD702085F48900253375 /* GALRegisterResponse.swift in Sources */,
				C191F1452065806E008DD972 /* Constants.swift in Sources */,
				C1D910E02080B2D600AD0AC4 /* RequestBuilder.swift in Sources */,
				C130E2BC20A9A0B700DC221C /* OnboardingService.swift in Sources */,
				C1CFBD8D2086728E00253375 /* SugestiveTextField.swift in Sources */,
				C124DA5320A8E08F00391A71 /* UIColorE.swift in Sources */,
				C1CFBD9A2086A78700253375 /* Route.swift in Sources */,
				C1CFBD7920864BF000253375 /* LocalStorageManager.swift in Sources */,
			);
			runOnlyForDeploymentPostprocessing = 0;
		};
		C191F1002065657D008DD972 /* Sources */ = {
			isa = PBXSourcesBuildPhase;
			buildActionMask = 2147483647;
			files = (
				C191F1092065657D008DD972 /* GiveALiftTests.swift in Sources */,
			);
			runOnlyForDeploymentPostprocessing = 0;
		};
		C191F10B2065657D008DD972 /* Sources */ = {
			isa = PBXSourcesBuildPhase;
			buildActionMask = 2147483647;
			files = (
				C191F1142065657D008DD972 /* GiveALiftUITests.swift in Sources */,
			);
			runOnlyForDeploymentPostprocessing = 0;
		};
/* End PBXSourcesBuildPhase section */

/* Begin PBXTargetDependency section */
		C191F1062065657D008DD972 /* PBXTargetDependency */ = {
			isa = PBXTargetDependency;
			target = C191F0EF2065657C008DD972 /* GiveALift */;
			targetProxy = C191F1052065657D008DD972 /* PBXContainerItemProxy */;
		};
		C191F1112065657D008DD972 /* PBXTargetDependency */ = {
			isa = PBXTargetDependency;
			target = C191F0EF2065657C008DD972 /* GiveALift */;
			targetProxy = C191F1102065657D008DD972 /* PBXContainerItemProxy */;
		};
/* End PBXTargetDependency section */

/* Begin PBXVariantGroup section */
		C191F0F72065657C008DD972 /* Main.storyboard */ = {
			isa = PBXVariantGroup;
			children = (
				C191F0F82065657C008DD972 /* Base */,
			);
			name = Main.storyboard;
			sourceTree = "<group>";
		};
		C191F0FC2065657C008DD972 /* LaunchScreen.storyboard */ = {
			isa = PBXVariantGroup;
			children = (
				C191F0FD2065657C008DD972 /* Base */,
			);
			name = LaunchScreen.storyboard;
			sourceTree = "<group>";
		};
/* End PBXVariantGroup section */

/* Begin XCBuildConfiguration section */
		C191F1162065657D008DD972 /* Debug */ = {
			isa = XCBuildConfiguration;
			buildSettings = {
				ALWAYS_SEARCH_USER_PATHS = NO;
				CLANG_ANALYZER_NONNULL = YES;
				CLANG_ANALYZER_NUMBER_OBJECT_CONVERSION = YES_AGGRESSIVE;
				CLANG_CXX_LANGUAGE_STANDARD = "gnu++14";
				CLANG_CXX_LIBRARY = "libc++";
				CLANG_ENABLE_MODULES = YES;
				CLANG_ENABLE_OBJC_ARC = YES;
				CLANG_WARN_BLOCK_CAPTURE_AUTORELEASING = YES;
				CLANG_WARN_BOOL_CONVERSION = YES;
				CLANG_WARN_COMMA = YES;
				CLANG_WARN_CONSTANT_CONVERSION = YES;
				CLANG_WARN_DEPRECATED_OBJC_IMPLEMENTATIONS = YES;
				CLANG_WARN_DIRECT_OBJC_ISA_USAGE = YES_ERROR;
				CLANG_WARN_DOCUMENTATION_COMMENTS = YES;
				CLANG_WARN_EMPTY_BODY = YES;
				CLANG_WARN_ENUM_CONVERSION = YES;
				CLANG_WARN_INFINITE_RECURSION = YES;
				CLANG_WARN_INT_CONVERSION = YES;
				CLANG_WARN_NON_LITERAL_NULL_CONVERSION = YES;
				CLANG_WARN_OBJC_IMPLICIT_RETAIN_SELF = YES;
				CLANG_WARN_OBJC_LITERAL_CONVERSION = YES;
				CLANG_WARN_OBJC_ROOT_CLASS = YES_ERROR;
				CLANG_WARN_RANGE_LOOP_ANALYSIS = YES;
				CLANG_WARN_STRICT_PROTOTYPES = YES;
				CLANG_WARN_SUSPICIOUS_MOVE = YES;
				CLANG_WARN_UNGUARDED_AVAILABILITY = YES_AGGRESSIVE;
				CLANG_WARN_UNREACHABLE_CODE = YES;
				CLANG_WARN__DUPLICATE_METHOD_MATCH = YES;
				CODE_SIGN_IDENTITY = "iPhone Developer";
				COPY_PHASE_STRIP = NO;
				DEBUG_INFORMATION_FORMAT = dwarf;
				ENABLE_STRICT_OBJC_MSGSEND = YES;
				ENABLE_TESTABILITY = YES;
				GCC_C_LANGUAGE_STANDARD = gnu11;
				GCC_DYNAMIC_NO_PIC = NO;
				GCC_NO_COMMON_BLOCKS = YES;
				GCC_OPTIMIZATION_LEVEL = 0;
				GCC_PREPROCESSOR_DEFINITIONS = (
					"DEBUG=1",
					"$(inherited)",
				);
				GCC_WARN_64_TO_32_BIT_CONVERSION = YES;
				GCC_WARN_ABOUT_RETURN_TYPE = YES_ERROR;
				GCC_WARN_UNDECLARED_SELECTOR = YES;
				GCC_WARN_UNINITIALIZED_AUTOS = YES_AGGRESSIVE;
				GCC_WARN_UNUSED_FUNCTION = YES;
				GCC_WARN_UNUSED_VARIABLE = YES;
				IPHONEOS_DEPLOYMENT_TARGET = 11.2;
				MTL_ENABLE_DEBUG_INFO = YES;
				ONLY_ACTIVE_ARCH = YES;
				SDKROOT = iphoneos;
				SWIFT_ACTIVE_COMPILATION_CONDITIONS = DEBUG;
				SWIFT_OPTIMIZATION_LEVEL = "-Onone";
			};
			name = Debug;
		};
		C191F1172065657D008DD972 /* Release */ = {
			isa = XCBuildConfiguration;
			buildSettings = {
				ALWAYS_SEARCH_USER_PATHS = NO;
				CLANG_ANALYZER_NONNULL = YES;
				CLANG_ANALYZER_NUMBER_OBJECT_CONVERSION = YES_AGGRESSIVE;
				CLANG_CXX_LANGUAGE_STANDARD = "gnu++14";
				CLANG_CXX_LIBRARY = "libc++";
				CLANG_ENABLE_MODULES = YES;
				CLANG_ENABLE_OBJC_ARC = YES;
				CLANG_WARN_BLOCK_CAPTURE_AUTORELEASING = YES;
				CLANG_WARN_BOOL_CONVERSION = YES;
				CLANG_WARN_COMMA = YES;
				CLANG_WARN_CONSTANT_CONVERSION = YES;
				CLANG_WARN_DEPRECATED_OBJC_IMPLEMENTATIONS = YES;
				CLANG_WARN_DIRECT_OBJC_ISA_USAGE = YES_ERROR;
				CLANG_WARN_DOCUMENTATION_COMMENTS = YES;
				CLANG_WARN_EMPTY_BODY = YES;
				CLANG_WARN_ENUM_CONVERSION = YES;
				CLANG_WARN_INFINITE_RECURSION = YES;
				CLANG_WARN_INT_CONVERSION = YES;
				CLANG_WARN_NON_LITERAL_NULL_CONVERSION = YES;
				CLANG_WARN_OBJC_IMPLICIT_RETAIN_SELF = YES;
				CLANG_WARN_OBJC_LITERAL_CONVERSION = YES;
				CLANG_WARN_OBJC_ROOT_CLASS = YES_ERROR;
				CLANG_WARN_RANGE_LOOP_ANALYSIS = YES;
				CLANG_WARN_STRICT_PROTOTYPES = YES;
				CLANG_WARN_SUSPICIOUS_MOVE = YES;
				CLANG_WARN_UNGUARDED_AVAILABILITY = YES_AGGRESSIVE;
				CLANG_WARN_UNREACHABLE_CODE = YES;
				CLANG_WARN__DUPLICATE_METHOD_MATCH = YES;
				CODE_SIGN_IDENTITY = "iPhone Developer";
				COPY_PHASE_STRIP = NO;
				DEBUG_INFORMATION_FORMAT = "dwarf-with-dsym";
				ENABLE_NS_ASSERTIONS = NO;
				ENABLE_STRICT_OBJC_MSGSEND = YES;
				GCC_C_LANGUAGE_STANDARD = gnu11;
				GCC_NO_COMMON_BLOCKS = YES;
				GCC_WARN_64_TO_32_BIT_CONVERSION = YES;
				GCC_WARN_ABOUT_RETURN_TYPE = YES_ERROR;
				GCC_WARN_UNDECLARED_SELECTOR = YES;
				GCC_WARN_UNINITIALIZED_AUTOS = YES_AGGRESSIVE;
				GCC_WARN_UNUSED_FUNCTION = YES;
				GCC_WARN_UNUSED_VARIABLE = YES;
				IPHONEOS_DEPLOYMENT_TARGET = 11.2;
				MTL_ENABLE_DEBUG_INFO = NO;
				SDKROOT = iphoneos;
				SWIFT_OPTIMIZATION_LEVEL = "-Owholemodule";
				VALIDATE_PRODUCT = YES;
			};
			name = Release;
		};
		C191F1192065657D008DD972 /* Debug */ = {
			isa = XCBuildConfiguration;
			baseConfigurationReference = 1DA479509D89FB3096302940 /* Pods-GiveALift.debug.xcconfig */;
			buildSettings = {
				ASSETCATALOG_COMPILER_APPICON_NAME = AppIcon;
				CODE_SIGN_STYLE = Automatic;
				DEVELOPMENT_TEAM = YY346RZE89;
				INFOPLIST_FILE = "$(SRCROOT)/GiveALift/SupportingFiles/Info.plist";
				LD_RUNPATH_SEARCH_PATHS = "$(inherited) @executable_path/Frameworks";
				PRODUCT_BUNDLE_IDENTIFIER = marcin.GiveALift;
				PRODUCT_NAME = "$(TARGET_NAME)";
				SWIFT_VERSION = 4.0;
				TARGETED_DEVICE_FAMILY = "1,2";
			};
			name = Debug;
		};
		C191F11A2065657D008DD972 /* Release */ = {
			isa = XCBuildConfiguration;
			baseConfigurationReference = 176A5CEAED74EDADD39BF77B /* Pods-GiveALift.release.xcconfig */;
			buildSettings = {
				ASSETCATALOG_COMPILER_APPICON_NAME = AppIcon;
				CODE_SIGN_STYLE = Automatic;
				DEVELOPMENT_TEAM = YY346RZE89;
				INFOPLIST_FILE = "$(SRCROOT)/GiveALift/SupportingFiles/Info.plist";
				LD_RUNPATH_SEARCH_PATHS = "$(inherited) @executable_path/Frameworks";
				PRODUCT_BUNDLE_IDENTIFIER = marcin.GiveALift;
				PRODUCT_NAME = "$(TARGET_NAME)";
				SWIFT_VERSION = 4.0;
				TARGETED_DEVICE_FAMILY = "1,2";
			};
			name = Release;
		};
		C191F11C2065657D008DD972 /* Debug */ = {
			isa = XCBuildConfiguration;
			baseConfigurationReference = BDBC3632C1D9B87A64F0B9CB /* Pods-GiveALiftTests.debug.xcconfig */;
			buildSettings = {
				ALWAYS_EMBED_SWIFT_STANDARD_LIBRARIES = YES;
				BUNDLE_LOADER = "$(TEST_HOST)";
				CODE_SIGN_STYLE = Automatic;
				DEVELOPMENT_TEAM = YY346RZE89;
				INFOPLIST_FILE = GiveALiftTests/Info.plist;
				LD_RUNPATH_SEARCH_PATHS = "$(inherited) @executable_path/Frameworks @loader_path/Frameworks";
				PRODUCT_BUNDLE_IDENTIFIER = marcin.GiveALiftTests;
				PRODUCT_NAME = "$(TARGET_NAME)";
				SWIFT_VERSION = 4.0;
				TARGETED_DEVICE_FAMILY = "1,2";
				TEST_HOST = "$(BUILT_PRODUCTS_DIR)/GiveALift.app/GiveALift";
			};
			name = Debug;
		};
		C191F11D2065657D008DD972 /* Release */ = {
			isa = XCBuildConfiguration;
			baseConfigurationReference = 27F5494A49F372FB4E7F8725 /* Pods-GiveALiftTests.release.xcconfig */;
			buildSettings = {
				ALWAYS_EMBED_SWIFT_STANDARD_LIBRARIES = YES;
				BUNDLE_LOADER = "$(TEST_HOST)";
				CODE_SIGN_STYLE = Automatic;
				DEVELOPMENT_TEAM = YY346RZE89;
				INFOPLIST_FILE = GiveALiftTests/Info.plist;
				LD_RUNPATH_SEARCH_PATHS = "$(inherited) @executable_path/Frameworks @loader_path/Frameworks";
				PRODUCT_BUNDLE_IDENTIFIER = marcin.GiveALiftTests;
				PRODUCT_NAME = "$(TARGET_NAME)";
				SWIFT_VERSION = 4.0;
				TARGETED_DEVICE_FAMILY = "1,2";
				TEST_HOST = "$(BUILT_PRODUCTS_DIR)/GiveALift.app/GiveALift";
			};
			name = Release;
		};
		C191F11F2065657D008DD972 /* Debug */ = {
			isa = XCBuildConfiguration;
			baseConfigurationReference = 2F67E3B2D5199B2AAA8CEB85 /* Pods-GiveALiftUITests.debug.xcconfig */;
			buildSettings = {
				ALWAYS_EMBED_SWIFT_STANDARD_LIBRARIES = YES;
				CODE_SIGN_STYLE = Automatic;
				DEVELOPMENT_TEAM = YY346RZE89;
				INFOPLIST_FILE = GiveALiftUITests/Info.plist;
				LD_RUNPATH_SEARCH_PATHS = "$(inherited) @executable_path/Frameworks @loader_path/Frameworks";
				PRODUCT_BUNDLE_IDENTIFIER = marcin.GiveALiftUITests;
				PRODUCT_NAME = "$(TARGET_NAME)";
				SWIFT_VERSION = 4.0;
				TARGETED_DEVICE_FAMILY = "1,2";
				TEST_TARGET_NAME = GiveALift;
			};
			name = Debug;
		};
		C191F1202065657D008DD972 /* Release */ = {
			isa = XCBuildConfiguration;
			baseConfigurationReference = 65BBBB89852B38447A1A872E /* Pods-GiveALiftUITests.release.xcconfig */;
			buildSettings = {
				ALWAYS_EMBED_SWIFT_STANDARD_LIBRARIES = YES;
				CODE_SIGN_STYLE = Automatic;
				DEVELOPMENT_TEAM = YY346RZE89;
				INFOPLIST_FILE = GiveALiftUITests/Info.plist;
				LD_RUNPATH_SEARCH_PATHS = "$(inherited) @executable_path/Frameworks @loader_path/Frameworks";
				PRODUCT_BUNDLE_IDENTIFIER = marcin.GiveALiftUITests;
				PRODUCT_NAME = "$(TARGET_NAME)";
				SWIFT_VERSION = 4.0;
				TARGETED_DEVICE_FAMILY = "1,2";
				TEST_TARGET_NAME = GiveALift;
			};
			name = Release;
		};
/* End XCBuildConfiguration section */

/* Begin XCConfigurationList section */
		C191F0EB2065657C008DD972 /* Build configuration list for PBXProject "GiveALift" */ = {
			isa = XCConfigurationList;
			buildConfigurations = (
				C191F1162065657D008DD972 /* Debug */,
				C191F1172065657D008DD972 /* Release */,
			);
			defaultConfigurationIsVisible = 0;
			defaultConfigurationName = Release;
		};
		C191F1182065657D008DD972 /* Build configuration list for PBXNativeTarget "GiveALift" */ = {
			isa = XCConfigurationList;
			buildConfigurations = (
				C191F1192065657D008DD972 /* Debug */,
				C191F11A2065657D008DD972 /* Release */,
			);
			defaultConfigurationIsVisible = 0;
			defaultConfigurationName = Release;
		};
		C191F11B2065657D008DD972 /* Build configuration list for PBXNativeTarget "GiveALiftTests" */ = {
			isa = XCConfigurationList;
			buildConfigurations = (
				C191F11C2065657D008DD972 /* Debug */,
				C191F11D2065657D008DD972 /* Release */,
			);
			defaultConfigurationIsVisible = 0;
			defaultConfigurationName = Release;
		};
		C191F11E2065657D008DD972 /* Build configuration list for PBXNativeTarget "GiveALiftUITests" */ = {
			isa = XCConfigurationList;
			buildConfigurations = (
				C191F11F2065657D008DD972 /* Debug */,
				C191F1202065657D008DD972 /* Release */,
			);
			defaultConfigurationIsVisible = 0;
			defaultConfigurationName = Release;
		};
/* End XCConfigurationList section */

/* Begin XCVersionGroup section */
		C191F13020656C1E008DD972 /* GiveALift.xcdatamodeld */ = {
			isa = XCVersionGroup;
			children = (
				C191F13120656C1E008DD972 /* GiveALift.xcdatamodel */,
			);
			currentVersion = C191F13120656C1E008DD972 /* GiveALift.xcdatamodel */;
			path = GiveALift.xcdatamodeld;
			sourceTree = "<group>";
			versionGroupType = wrapper.xcdatamodel;
		};
/* End XCVersionGroup section */
	};
	rootObject = C191F0E82065657C008DD972 /* Project object */;
}
